
Microsoft Visual Studio Solution File, Format Version 12.00
# Visual Studio Version 16
VisualStudioVersion = 16.0.29215.179
MinimumVisualStudioVersion = 10.0.40219.1
Project("{FAE04EC0-301F-11D3-BF4B-00C04F79EFBC}") = "Final_Exam_Practice_Test", "Final_Exam_Practice_Test.csproj", "{DC6C3745-9F60-41FD-8B6B-EEE1DC466884}"
EndProject
Global
	GlobalSection(SolutionConfigurationPlatforms) = preSolution
		Debug|Any CPU = Debug|Any CPU
		Release|Any CPU = Release|Any CPU
	EndGlobalSection
	GlobalSection(ProjectConfigurationPlatforms) = postSolution
		{DC6C3745-9F60-41FD-8B6B-EEE1DC466884}.Debug|Any CPU.ActiveCfg = Debug|Any CPU
		{DC6C3745-9F60-41FD-8B6B-EEE1DC466884}.Debug|Any CPU.Build.0 = Debug|Any CPU
		{DC6C3745-9F60-41FD-8B6B-EEE1DC466884}.Release|Any CPU.ActiveCfg = Release|Any CPU
		{DC6C3745-9F60-41FD-8B6B-EEE1DC466884}.Release|Any CPU.Build.0 = Release|Any CPU
	EndGlobalSection
	GlobalSection(SolutionProperties) = preSolution
		HideSolutionNode = FALSE
	EndGlobalSection
	GlobalSection(ExtensibilityGlobals) = postSolution
		SolutionGuid = {FF8504B4-FDF2-472B-91E1-75F2AC972DC7}
	EndGlobalSection
EndGlobal
